
Microsoft Visual Studio Solution File, Format Version 12.00
# Visual Studio Version 17
VisualStudioVersion = 17.9.34622.214
MinimumVisualStudioVersion = 10.0.40219.1
Project("{FAE04EC0-301F-11D3-BF4B-00C04F79EFBC}") = "Conecting Tables", "TreesZaimov\Conecting Tables.csproj", "{71884CE2-ACB6-47C5-AFFC-843A53BD06A5}"
EndProject
Global
	GlobalSection(SolutionConfigurationPlatforms) = preSolution
		Debug|Any CPU = Debug|Any CPU
		Release|Any CPU = Release|Any CPU
	EndGlobalSection
	GlobalSection(ProjectConfigurationPlatforms) = postSolution
		{71884CE2-ACB6-47C5-AFFC-843A53BD06A5}.Debug|Any CPU.ActiveCfg = Debug|Any CPU
		{71884CE2-ACB6-47C5-AFFC-843A53BD06A5}.Debug|Any CPU.Build.0 = Debug|Any CPU
		{71884CE2-ACB6-47C5-AFFC-843A53BD06A5}.Release|Any CPU.ActiveCfg = Release|Any CPU
		{71884CE2-ACB6-47C5-AFFC-843A53BD06A5}.Release|Any CPU.Build.0 = Release|Any CPU
	EndGlobalSection
	GlobalSection(SolutionProperties) = preSolution
		HideSolutionNode = FALSE
	EndGlobalSection
	GlobalSection(ExtensibilityGlobals) = postSolution
		SolutionGuid = {1C5050F3-63C2-4C6D-9B88-9F4B4B192F8C}
	EndGlobalSection
EndGlobal
